{
    "_readme": [
        "This file locks the dependencies of your project to a known state",
        "Read more about it at https://getcomposer.org/doc/01-basic-usage.md#installing-dependencies",
        "This file is @generated automatically"
    ],
    "content-hash": "9ee45a290430e7725dacdfa303f6b3aa",
    "packages": [
        {
            "name": "usualtool/ut-lib",
            "version": "v1.1.6",
            "source": {
                "type": "git",
                "url": "https://github.com/usualtool/ut-lib.git",
                "reference": "6d16f74ef2a6ce4211f05c8f27309ca5b7c0d04c"
            },
            "dist": {
                "type": "zip",
                "url": "https://api.github.com/repos/usualtool/ut-lib/zipball/6d16f74ef2a6ce4211f05c8f27309ca5b7c0d04c",
                "reference": "6d16f74ef2a6ce4211f05c8f27309ca5b7c0d04c",
                "shasum": ""
            },
            "type": "library",
            "autoload": {
                "psr-4": {
                    "usualtool\\Lib\\": "src"
                }
            },
            "notification-url": "https://packagist.org/downloads/",
            "license": [
                "Apache-2.0"
            ],
            "authors": [
                {
                    "name": "Huang Hui",
                    "email": "usualtool@qq.com"
                }
            ],
            "description": "Library extension of UT Framework.",
            "homepage": "https://github.com/usualtool",
            "keywords": [
                "UsualTool Framework",
                "ut-lib"
            ],
            "support": {
                "issues": "https://github.com/usualtool/ut-lib/issues",
                "source": "https://github.com/usualtool/ut-lib/tree/v1.1.6"
            },
            "time": "2026-10-03T15:29:55+00:00"
        }
    ],
    "packages-dev": [],
    "aliases": [],
    "minimum-stability": "stable",
    "stability-flags": {},
    "prefer-stable": false,
    "prefer-lowest": false,
    "platform": {},
    "platform-dev": {},
    "plugin-api-version": "2.9.0"
}
